
Microsoft Visual Studio Solution File, Format Version 12.00
# Visual Studio Version 17
VisualStudioVersion = 17.14.36915.13 d17.14
MinimumVisualStudioVersion = 10.0.40219.1
Project("{FAE04EC0-301F-11D3-BF4B-00C04F79EFBC}") = "Foody.Tests", "Foody\Foody.Tests.csproj", "{926F06EE-0A9F-4487-992B-9DE8F147AF9A}"
EndProject
Global
	GlobalSection(SolutionConfigurationPlatforms) = preSolution
		Debug|Any CPU = Debug|Any CPU
		Release|Any CPU = Release|Any CPU
	EndGlobalSection
	GlobalSection(ProjectConfigurationPlatforms) = postSolution
		{926F06EE-0A9F-4487-992B-9DE8F147AF9A}.Debug|Any CPU.ActiveCfg = Debug|Any CPU
		{926F06EE-0A9F-4487-992B-9DE8F147AF9A}.Debug|Any CPU.Build.0 = Debug|Any CPU
		{926F06EE-0A9F-4487-992B-9DE8F147AF9A}.Release|Any CPU.ActiveCfg = Release|Any CPU
		{926F06EE-0A9F-4487-992B-9DE8F147AF9A}.Release|Any CPU.Build.0 = Release|Any CPU
	EndGlobalSection
	GlobalSection(SolutionProperties) = preSolution
		HideSolutionNode = FALSE
	EndGlobalSection
	GlobalSection(ExtensibilityGlobals) = postSolution
		SolutionGuid = {27E07DA6-7A4C-4F0C-84F2-4E448D9E15B3}
	EndGlobalSection
EndGlobal
